// !$*UTF8*$!
{
	archiveVersion = 1;
	classes = {
	};
	objectVersion = 50;
	objects = {

/* Begin PBXBuildFile section */
		219E9FB1276C7D5500ECBD84 /* AppDelegate.swift in Sources */ = {isa = PBXBuildFile; fileRef = 219E9FB0276C7D5500ECBD84 /* AppDelegate.swift */; };
		219E9FB3276C7D5500ECBD84 /* SceneDelegate.swift in Sources */ = {isa = PBXBuildFile; fileRef = 219E9FB2276C7D5500ECBD84 /* SceneDelegate.swift */; };
		219E9FB5276C7D5500ECBD84 /* ContentView.swift in Sources */ = {isa = PBXBuildFile; fileRef = 219E9FB4276C7D5500ECBD84 /* ContentView.swift */; };
		219E9FB7276C7D5700ECBD84 /* Assets.xcassets in Resources */ = {isa = PBXBuildFile; fileRef = 219E9FB6276C7D5700ECBD84 /* Assets.xcassets */; };
		219E9FBA276C7D5700ECBD84 /* Preview Assets.xcassets in Resources */ = {isa = PBXBuildFile; fileRef = 219E9FB9276C7D5700ECBD84 /* Preview Assets.xcassets */; };
		219E9FBD276C7D5700ECBD84 /* LaunchScreen.storyboard in Resources */ = {isa = PBXBuildFile; fileRef = 219E9FBB276C7D5700ECBD84 /* LaunchScreen.storyboard */; };
		219E9FCD276C7E7A00ECBD84 /* PartialSheetViewModifier.swift in Sources */ = {isa = PBXBuildFile; fileRef = 219E9FC5276C7E7A00ECBD84 /* PartialSheetViewModifier.swift */; };
		219E9FCE276C7E7A00ECBD84 /* BlurEffectView.swift in Sources */ = {isa = PBXBuildFile; fileRef = 219E9FC6276C7E7A00ECBD84 /* BlurEffectView.swift */; };
		219E9FCF276C7E7A00ECBD84 /* PartialSheetManager.swift in Sources */ = {isa = PBXBuildFile; fileRef = 219E9FC7276C7E7A00ECBD84 /* PartialSheetManager.swift */; };
		219E9FD0276C7E7A00ECBD84 /* PartialSheetStyle.swift in Sources */ = {isa = PBXBuildFile; fileRef = 219E9FC8276C7E7A00ECBD84 /* PartialSheetStyle.swift */; };
		219E9FD1276C7E7A00ECBD84 /* View+PartialSheetModifier.swift in Sources */ = {isa = PBXBuildFile; fileRef = 219E9FC9276C7E7A00ECBD84 /* View+PartialSheetModifier.swift */; };
		219E9FD2276C7E7A00ECBD84 /* View+IfDeviceType.swift in Sources */ = {isa = PBXBuildFile; fileRef = 219E9FCA276C7E7A00ECBD84 /* View+IfDeviceType.swift */; };
		219E9FD3276C7E7A00ECBD84 /* UBDatePicker.swift in Sources */ = {isa = PBXBuildFile; fileRef = 219E9FCC276C7E7A00ECBD84 /* UBDatePicker.swift */; };
		219E9FD5276C7EC300ECBD84 /* GKColor.swift in Sources */ = {isa = PBXBuildFile; fileRef = 219E9FD4276C7EC300ECBD84 /* GKColor.swift */; };
		219E9FD7276C7F2600ECBD84 /* CommonClass.swift in Sources */ = {isa = PBXBuildFile; fileRef = 219E9FD6276C7F2600ECBD84 /* CommonClass.swift */; };
/* End PBXBuildFile section */

/* Begin PBXFileReference section */
		219E9FAD276C7D5500ECBD84 /* DatePIckerExample.app */ = {isa = PBXFileReference; explicitFileType = wrapper.application; includeInIndex = 0; path = DatePIckerExample.app; sourceTree = BUILT_PRODUCTS_DIR; };
		219E9FB0276C7D5500ECBD84 /* AppDelegate.swift */ = {isa = PBXFileReference; lastKnownFileType = sourcecode.swift; path = AppDelegate.swift; sourceTree = "<group>"; };
		219E9FB2276C7D5500ECBD84 /* SceneDelegate.swift */ = {isa = PBXFileReference; lastKnownFileType = sourcecode.swift; path = SceneDelegate.swift; sourceTree = "<group>"; };
		219E9FB4276C7D5500ECBD84 /* ContentView.swift */ = {isa = PBXFileReference; lastKnownFileType = sourcecode.swift; path = ContentView.swift; sourceTree = "<group>"; };
		219E9FB6276C7D5700ECBD84 /* Assets.xcassets */ = {isa = PBXFileReference; lastKnownFileType = folder.assetcatalog; path = Assets.xcassets; sourceTree = "<group>"; };
		219E9FB9276C7D5700ECBD84 /* Preview Assets.xcassets */ = {isa = PBXFileReference; lastKnownFileType = folder.assetcatalog; path = "Preview Assets.xcassets"; sourceTree = "<group>"; };
		219E9FBC276C7D5700ECBD84 /* Base */ = {isa = PBXFileReference; lastKnownFileType = file.storyboard; name = Base; path = Base.lproj/LaunchScreen.storyboard; sourceTree = "<group>"; };
		219E9FBE276C7D5700ECBD84 /* Info.plist */ = {isa = PBXFileReference; lastKnownFileType = text.plist.xml; path = Info.plist; sourceTree = "<group>"; };
		219E9FC5276C7E7A00ECBD84 /* PartialSheetViewModifier.swift */ = {isa = PBXFileReference; fileEncoding = 4; lastKnownFileType = sourcecode.swift; path = PartialSheetViewModifier.swift; sourceTree = "<group>"; };
		219E9FC6276C7E7A00ECBD84 /* BlurEffectView.swift */ = {isa = PBXFileReference; fileEncoding = 4; lastKnownFileType = sourcecode.swift; path = BlurEffectView.swift; sourceTree = "<group>"; };
		219E9FC7276C7E7A00ECBD84 /* PartialSheetManager.swift */ = {isa = PBXFileReference; fileEncoding = 4; lastKnownFileType = sourcecode.swift; path = PartialSheetManager.swift; sourceTree = "<group>"; };
		219E9FC8276C7E7A00ECBD84 /* PartialSheetStyle.swift */ = {isa = PBXFileReference; fileEncoding = 4; lastKnownFileType = sourcecode.swift; path = PartialSheetStyle.swift; sourceTree = "<group>"; };
		219E9FC9276C7E7A00ECBD84 /* View+PartialSheetModifier.swift */ = {isa = PBXFileReference; fileEncoding = 4; lastKnownFileType = sourcecode.swift; path = "View+PartialSheetModifier.swift"; sourceTree = "<group>"; };
		219E9FCA276C7E7A00ECBD84 /* View+IfDeviceType.swift */ = {isa = PBXFileReference; fileEncoding = 4; lastKnownFileType = sourcecode.swift; path = "View+IfDeviceType.swift"; sourceTree = "<group>"; };
		219E9FCC276C7E7A00ECBD84 /* UBDatePicker.swift */ = {isa = PBXFileReference; fileEncoding = 4; lastKnownFileType = sourcecode.swift; path = UBDatePicker.swift; sourceTree = "<group>"; };
		219E9FD4276C7EC300ECBD84 /* GKColor.swift */ = {isa = PBXFileReference; lastKnownFileType = sourcecode.swift; path = GKColor.swift; sourceTree = "<group>"; };
		219E9FD6276C7F2600ECBD84 /* CommonClass.swift */ = {isa = PBXFileReference; lastKnownFileType = sourcecode.swift; path = CommonClass.swift; sourceTree = "<group>"; };
/* End PBXFileReference section */

/* Begin PBXFrameworksBuildPhase section */
		219E9FAA276C7D5500ECBD84 /* Frameworks */ = {
			isa = PBXFrameworksBuildPhase;
			buildActionMask = 2147483647;
			files = (
			);
			runOnlyForDeploymentPostprocessing = 0;
		};
/* End PBXFrameworksBuildPhase section */

/* Begin PBXGroup section */
		219E9FA4276C7D5500ECBD84 = {
			isa = PBXGroup;
			children = (
				219E9FAF276C7D5500ECBD84 /* DatePIckerExample */,
				219E9FAE276C7D5500ECBD84 /* Products */,
			);
			sourceTree = "<group>";
		};
		219E9FAE276C7D5500ECBD84 /* Products */ = {
			isa = PBXGroup;
			children = (
				219E9FAD276C7D5500ECBD84 /* DatePIckerExample.app */,
			);
			name = Products;
			sourceTree = "<group>";
		};
		219E9FAF276C7D5500ECBD84 /* DatePIckerExample */ = {
			isa = PBXGroup;
			children = (
				219E9FCB276C7E7A00ECBD84 /* DatePicker */,
				219E9FC4276C7E7A00ECBD84 /* PartialSheet */,
				219E9FB0276C7D5500ECBD84 /* AppDelegate.swift */,
				219E9FB2276C7D5500ECBD84 /* SceneDelegate.swift */,
				219E9FB4276C7D5500ECBD84 /* ContentView.swift */,
				219E9FB6276C7D5700ECBD84 /* Assets.xcassets */,
				219E9FBB276C7D5700ECBD84 /* LaunchScreen.storyboard */,
				219E9FBE276C7D5700ECBD84 /* Info.plist */,
				219E9FB8276C7D5700ECBD84 /* Preview Content */,
				219E9FD4276C7EC300ECBD84 /* GKColor.swift */,
				219E9FD6276C7F2600ECBD84 /* CommonClass.swift */,
			);
			path = DatePIckerExample;
			sourceTree = "<group>";
		};
		219E9FB8276C7D5700ECBD84 /* Preview Content */ = {
			isa = PBXGroup;
			children = (
				219E9FB9276C7D5700ECBD84 /* Preview Assets.xcassets */,
			);
			path = "Preview Content";
			sourceTree = "<group>";
		};
		219E9FC4276C7E7A00ECBD84 /* PartialSheet */ = {
			isa = PBXGroup;
			children = (
				219E9FC5276C7E7A00ECBD84 /* PartialSheetViewModifier.swift */,
				219E9FC6276C7E7A00ECBD84 /* BlurEffectView.swift */,
				219E9FC7276C7E7A00ECBD84 /* PartialSheetManager.swift */,
				219E9FC8276C7E7A00ECBD84 /* PartialSheetStyle.swift */,
				219E9FC9276C7E7A00ECBD84 /* View+PartialSheetModifier.swift */,
				219E9FCA276C7E7A00ECBD84 /* View+IfDeviceType.swift */,
			);
			path = PartialSheet;
			sourceTree = "<group>";
		};
		219E9FCB276C7E7A00ECBD84 /* DatePicker */ = {
			isa = PBXGroup;
			children = (
				219E9FCC276C7E7A00ECBD84 /* UBDatePicker.swift */,
			);
			path = DatePicker;
			sourceTree = "<group>";
		};
/* End PBXGroup section */

/* Begin PBXNativeTarget section */
		219E9FAC276C7D5500ECBD84 /* DatePIckerExample */ = {
			isa = PBXNativeTarget;
			buildConfigurationList = 219E9FC1276C7D5700ECBD84 /* Build configuration list for PBXNativeTarget "DatePIckerExample" */;
			buildPhases = (
				219E9FA9276C7D5500ECBD84 /* Sources */,
				219E9FAA276C7D5500ECBD84 /* Frameworks */,
				219E9FAB276C7D5500ECBD84 /* Resources */,
			);
			buildRules = (
			);
			dependencies = (
			);
			name = DatePIckerExample;
			productName = DatePIckerExample;
			productReference = 219E9FAD276C7D5500ECBD84 /* DatePIckerExample.app */;
			productType = "com.apple.product-type.application";
		};
/* End PBXNativeTarget section */

/* Begin PBXProject section */
		219E9FA5276C7D5500ECBD84 /* Project object */ = {
			isa = PBXProject;
			attributes = {
				LastSwiftUpdateCheck = 1250;
				LastUpgradeCheck = 1250;
				TargetAttributes = {
					219E9FAC276C7D5500ECBD84 = {
						CreatedOnToolsVersion = 12.5;
					};
				};
			};
			buildConfigurationList = 219E9FA8276C7D5500ECBD84 /* Build configuration list for PBXProject "DatePIckerExample" */;
			compatibilityVersion = "Xcode 9.3";
			developmentRegion = en;
			hasScannedForEncodings = 0;
			knownRegions = (
				en,
				Base,
			);
			mainGroup = 219E9FA4276C7D5500ECBD84;
			productRefGroup = 219E9FAE276C7D5500ECBD84 /* Products */;
			projectDirPath = "";
			projectRoot = "";
			targets = (
				219E9FAC276C7D5500ECBD84 /* DatePIckerExample */,
			);
		};
/* End PBXProject section */

/* Begin PBXResourcesBuildPhase section */
		219E9FAB276C7D5500ECBD84 /* Resources */ = {
			isa = PBXResourcesBuildPhase;
			buildActionMask = 2147483647;
			files = (
				219E9FBD276C7D5700ECBD84 /* LaunchScreen.storyboard in Resources */,
				219E9FBA276C7D5700ECBD84 /* Preview Assets.xcassets in Resources */,
				219E9FB7276C7D5700ECBD84 /* Assets.xcassets in Resources */,
			);
			runOnlyForDeploymentPostprocessing = 0;
		};
/* End PBXResourcesBuildPhase section */

/* Begin PBXSourcesBuildPhase section */
		219E9FA9276C7D5500ECBD84 /* Sources */ = {
			isa = PBXSourcesBuildPhase;
			buildActionMask = 2147483647;
			files = (
				219E9FD3276C7E7A00ECBD84 /* UBDatePicker.swift in Sources */,
				219E9FB1276C7D5500ECBD84 /* AppDelegate.swift in Sources */,
				219E9FCD276C7E7A00ECBD84 /* PartialSheetViewModifier.swift in Sources */,
				219E9FB3276C7D5500ECBD84 /* SceneDelegate.swift in Sources */,
				219E9FD0276C7E7A00ECBD84 /* PartialSheetStyle.swift in Sources */,
				219E9FB5276C7D5500ECBD84 /* ContentView.swift in Sources */,
				219E9FD1276C7E7A00ECBD84 /* View+PartialSheetModifier.swift in Sources */,
				219E9FCE276C7E7A00ECBD84 /* BlurEffectView.swift in Sources */,
				219E9FCF276C7E7A00ECBD84 /* PartialSheetManager.swift in Sources */,
				219E9FD5276C7EC300ECBD84 /* GKColor.swift in Sources */,
				219E9FD2276C7E7A00ECBD84 /* View+IfDeviceType.swift in Sources */,
				219E9FD7276C7F2600ECBD84 /* CommonClass.swift in Sources */,
			);
			runOnlyForDeploymentPostprocessing = 0;
		};
/* End PBXSourcesBuildPhase section */

/* Begin PBXVariantGroup section */
		219E9FBB276C7D5700ECBD84 /* LaunchScreen.storyboard */ = {
			isa = PBXVariantGroup;
			children = (
				219E9FBC276C7D5700ECBD84 /* Base */,
			);
			name = LaunchScreen.storyboard;
			sourceTree = "<group>";
		};
/* End PBXVariantGroup section */

/* Begin XCBuildConfiguration section */
		219E9FBF276C7D5700ECBD84 /* Debug */ = {
			isa = XCBuildConfiguration;
			buildSettings = {
				ALWAYS_SEARCH_USER_PATHS = NO;
				CLANG_ANALYZER_NONNULL = YES;
				CLANG_ANALYZER_NUMBER_OBJECT_CONVERSION = YES_AGGRESSIVE;
				CLANG_CXX_LANGUAGE_STANDARD = "gnu++14";
				CLANG_CXX_LIBRARY = "libc++";
				CLANG_ENABLE_MODULES = YES;
				CLANG_ENABLE_OBJC_ARC = YES;
				CLANG_ENABLE_OBJC_WEAK = YES;
				CLANG_WARN_BLOCK_CAPTURE_AUTORELEASING = YES;
				CLANG_WARN_BOOL_CONVERSION = YES;
				CLANG_WARN_COMMA = YES;
				CLANG_WARN_CONSTANT_CONVERSION = YES;
				CLANG_WARN_DEPRECATED_OBJC_IMPLEMENTATIONS = YES;
				CLANG_WARN_DIRECT_OBJC_ISA_USAGE = YES_ERROR;
				CLANG_WARN_DOCUMENTATION_COMMENTS = YES;
				CLANG_WARN_EMPTY_BODY = YES;
				CLANG_WARN_ENUM_CONVERSION = YES;
				CLANG_WARN_INFINITE_RECURSION = YES;
				CLANG_WARN_INT_CONVERSION = YES;
				CLANG_WARN_NON_LITERAL_NULL_CONVERSION = YES;
				CLANG_WARN_OBJC_IMPLICIT_RETAIN_SELF = YES;
				CLANG_WARN_OBJC_LITERAL_CONVERSION = YES;
				CLANG_WARN_OBJC_ROOT_CLASS = YES_ERROR;
				CLANG_WARN_QUOTED_INCLUDE_IN_FRAMEWORK_HEADER = YES;
				CLANG_WARN_RANGE_LOOP_ANALYSIS = YES;
				CLANG_WARN_STRICT_PROTOTYPES = YES;
				CLANG_WARN_SUSPICIOUS_MOVE = YES;
				CLANG_WARN_UNGUARDED_AVAILABILITY = YES_AGGRESSIVE;
				CLANG_WARN_UNREACHABLE_CODE = YES;
				CLANG_WARN__DUPLICATE_METHOD_MATCH = YES;
				COPY_PHASE_STRIP = NO;
				DEBUG_INFORMATION_FORMAT = dwarf;
				ENABLE_STRICT_OBJC_MSGSEND = YES;
				ENABLE_TESTABILITY = YES;
				GCC_C_LANGUAGE_STANDARD = gnu11;
				GCC_DYNAMIC_NO_PIC = NO;
				GCC_NO_COMMON_BLOCKS = YES;
				GCC_OPTIMIZATION_LEVEL = 0;
				GCC_PREPROCESSOR_DEFINITIONS = (
					"DEBUG=1",
					"$(inherited)",
				);
				GCC_WARN_64_TO_32_BIT_CONVERSION = YES;
				GCC_WARN_ABOUT_RETURN_TYPE = YES_ERROR;
				GCC_WARN_UNDECLARED_SELECTOR = YES;
				GCC_WARN_UNINITIALIZED_AUTOS = YES_AGGRESSIVE;
				GCC_WARN_UNUSED_FUNCTION = YES;
				GCC_WARN_UNUSED_VARIABLE = YES;
				IPHONEOS_DEPLOYMENT_TARGET = 14.5;
				MTL_ENABLE_DEBUG_INFO = INCLUDE_SOURCE;
				MTL_FAST_MATH = YES;
				ONLY_ACTIVE_ARCH = YES;
				SDKROOT = iphoneos;
				SWIFT_ACTIVE_COMPILATION_CONDITIONS = DEBUG;
				SWIFT_OPTIMIZATION_LEVEL = "-Onone";
			};
			name = Debug;
		};
		219E9FC0276C7D5700ECBD84 /* Release */ = {
			isa = XCBuildConfiguration;
			buildSettings = {
				ALWAYS_SEARCH_USER_PATHS = NO;
				CLANG_ANALYZER_NONNULL = YES;
				CLANG_ANALYZER_NUMBER_OBJECT_CONVERSION = YES_AGGRESSIVE;
				CLANG_CXX_LANGUAGE_STANDARD = "gnu++14";
				CLANG_CXX_LIBRARY = "libc++";
				CLANG_ENABLE_MODULES = YES;
				CLANG_ENABLE_OBJC_ARC = YES;
				CLANG_ENABLE_OBJC_WEAK = YES;
				CLANG_WARN_BLOCK_CAPTURE_AUTORELEASING = YES;
				CLANG_WARN_BOOL_CONVERSION = YES;
				CLANG_WARN_COMMA = YES;
				CLANG_WARN_CONSTANT_CONVERSION = YES;
				CLANG_WARN_DEPRECATED_OBJC_IMPLEMENTATIONS = YES;
				CLANG_WARN_DIRECT_OBJC_ISA_USAGE = YES_ERROR;
				CLANG_WARN_DOCUMENTATION_COMMENTS = YES;
				CLANG_WARN_EMPTY_BODY = YES;
				CLANG_WARN_ENUM_CONVERSION = YES;
				CLANG_WARN_INFINITE_RECURSION = YES;
				CLANG_WARN_INT_CONVERSION = YES;
				CLANG_WARN_NON_LITERAL_NULL_CONVERSION = YES;
				CLANG_WARN_OBJC_IMPLICIT_RETAIN_SELF = YES;
				CLANG_WARN_OBJC_LITERAL_CONVERSION = YES;
				CLANG_WARN_OBJC_ROOT_CLASS = YES_ERROR;
				CLANG_WARN_QUOTED_INCLUDE_IN_FRAMEWORK_HEADER = YES;
				CLANG_WARN_RANGE_LOOP_ANALYSIS = YES;
				CLANG_WARN_STRICT_PROTOTYPES = YES;
				CLANG_WARN_SUSPICIOUS_MOVE = YES;
				CLANG_WARN_UNGUARDED_AVAILABILITY = YES_AGGRESSIVE;
				CLANG_WARN_UNREACHABLE_CODE = YES;
				CLANG_WARN__DUPLICATE_METHOD_MATCH = YES;
				COPY_PHASE_STRIP = NO;
				DEBUG_INFORMATION_FORMAT = "dwarf-with-dsym";
				ENABLE_NS_ASSERTIONS = NO;
				ENABLE_STRICT_OBJC_MSGSEND = YES;
				GCC_C_LANGUAGE_STANDARD = gnu11;
				GCC_NO_COMMON_BLOCKS = YES;
				GCC_WARN_64_TO_32_BIT_CONVERSION = YES;
				GCC_WARN_ABOUT_RETURN_TYPE = YES_ERROR;
				GCC_WARN_UNDECLARED_SELECTOR = YES;
				GCC_WARN_UNINITIALIZED_AUTOS = YES_AGGRESSIVE;
				GCC_WARN_UNUSED_FUNCTION = YES;
				GCC_WARN_UNUSED_VARIABLE = YES;
				IPHONEOS_DEPLOYMENT_TARGET = 14.5;
				MTL_ENABLE_DEBUG_INFO = NO;
				MTL_FAST_MATH = YES;
				SDKROOT = iphoneos;
				SWIFT_COMPILATION_MODE = wholemodule;
				SWIFT_OPTIMIZATION_LEVEL = "-O";
				VALIDATE_PRODUCT = YES;
			};
			name = Release;
		};
		219E9FC2276C7D5700ECBD84 /* Debug */ = {
			isa = XCBuildConfiguration;
			buildSettings = {
				ASSETCATALOG_COMPILER_APPICON_NAME = AppIcon;
				ASSETCATALOG_COMPILER_GLOBAL_ACCENT_COLOR_NAME = AccentColor;
				CODE_SIGN_STYLE = Automatic;
				DEVELOPMENT_ASSET_PATHS = "\"DatePIckerExample/Preview Content\"";
				ENABLE_PREVIEWS = YES;
				INFOPLIST_FILE = DatePIckerExample/Info.plist;
				LD_RUNPATH_SEARCH_PATHS = (
					"$(inherited)",
					"@executable_path/Frameworks",
				);
				PRODUCT_BUNDLE_IDENTIFIER = com.kiritgareja.DatePIckerExample;
				PRODUCT_NAME = "$(TARGET_NAME)";
				SWIFT_VERSION = 5.0;
				TARGETED_DEVICE_FAMILY = "1,2";
			};
			name = Debug;
		};
		219E9FC3276C7D5700ECBD84 /* Release */ = {
			isa = XCBuildConfiguration;
			buildSettings = {
				ASSETCATALOG_COMPILER_APPICON_NAME = AppIcon;
				ASSETCATALOG_COMPILER_GLOBAL_ACCENT_COLOR_NAME = AccentColor;
				CODE_SIGN_STYLE = Automatic;
				DEVELOPMENT_ASSET_PATHS = "\"DatePIckerExample/Preview Content\"";
				ENABLE_PREVIEWS = YES;
				INFOPLIST_FILE = DatePIckerExample/Info.plist;
				LD_RUNPATH_SEARCH_PATHS = (
					"$(inherited)",
					"@executable_path/Frameworks",
				);
				PRODUCT_BUNDLE_IDENTIFIER = com.kiritgareja.DatePIckerExample;
				PRODUCT_NAME = "$(TARGET_NAME)";
				SWIFT_VERSION = 5.0;
				TARGETED_DEVICE_FAMILY = "1,2";
			};
			name = Release;
		};
/* End XCBuildConfiguration section */

/* Begin XCConfigurationList section */
		219E9FA8276C7D5500ECBD84 /* Build configuration list for PBXProject "DatePIckerExample" */ = {
			isa = XCConfigurationList;
			buildConfigurations = (
				219E9FBF276C7D5700ECBD84 /* Debug */,
				219E9FC0276C7D5700ECBD84 /* Release */,
			);
			defaultConfigurationIsVisible = 0;
			defaultConfigurationName = Release;
		};
		219E9FC1276C7D5700ECBD84 /* Build configuration list for PBXNativeTarget "DatePIckerExample" */ = {
			isa = XCConfigurationList;
			buildConfigurations = (
				219E9FC2276C7D5700ECBD84 /* Debug */,
				219E9FC3276C7D5700ECBD84 /* Release */,
			);
			defaultConfigurationIsVisible = 0;
			defaultConfigurationName = Release;
		};
/* End XCConfigurationList section */
	};
	rootObject = 219E9FA5276C7D5500ECBD84 /* Project object */;
}
